
Microsoft Visual Studio Solution File, Format Version 12.00
# Visual Studio 15
Project("{FAE04EC0-301F-11D3-BF4B-00C04F79EFBC}") = "Assembly-CSharp", "Assembly-CSharp.csproj", "{B7A77E2B-BE27-5B50-4910-8CA727EE7784}"
EndProject
Project("{FAE04EC0-301F-11D3-BF4B-00C04F79EFBC}") = "spine-unity-examples", "spine-unity-examples.csproj", "{02838B5C-6E56-91B2-B443-4724EECF48F8}"
EndProject
Project("{FAE04EC0-301F-11D3-BF4B-00C04F79EFBC}") = "spine-unity", "spine-unity.csproj", "{3630E9A1-44ED-3132-DDF4-0BD7AB7B41B1}"
EndProject
Project("{FAE04EC0-301F-11D3-BF4B-00C04F79EFBC}") = "Assembly-CSharp-firstpass", "Assembly-CSharp-firstpass.csproj", "{49CE1F92-4D92-CEE6-1335-E9A3DAFB17A6}"
EndProject
Project("{FAE04EC0-301F-11D3-BF4B-00C04F79EFBC}") = "spine-unity-editor", "spine-unity-editor.csproj", "{A120A32B-1D98-7755-E735-58E4ABBEDDCF}"
EndProject
Project("{FAE04EC0-301F-11D3-BF4B-00C04F79EFBC}") = "Assembly-CSharp-Editor", "Assembly-CSharp-Editor.csproj", "{92039F25-C923-57A2-C1D2-26EA8B9F09B7}"
EndProject
Project("{FAE04EC0-301F-11D3-BF4B-00C04F79EFBC}") = "spine-unity-examples-editor", "spine-unity-examples-editor.csproj", "{E547C935-E000-9311-E951-DD7985BB9C5C}"
EndProject
Global
	GlobalSection(SolutionConfigurationPlatforms) = preSolution
		Debug|Any CPU = Debug|Any CPU
		Release|Any CPU = Release|Any CPU
	EndGlobalSection
	GlobalSection(ProjectConfigurationPlatforms) = postSolution
		{B7A77E2B-BE27-5B50-4910-8CA727EE7784}.Debug|Any CPU.ActiveCfg = Debug|Any CPU
		{B7A77E2B-BE27-5B50-4910-8CA727EE7784}.Debug|Any CPU.Build.0 = Debug|Any CPU
		{B7A77E2B-BE27-5B50-4910-8CA727EE7784}.Release|Any CPU.ActiveCfg = Release|Any CPU
		{B7A77E2B-BE27-5B50-4910-8CA727EE7784}.Release|Any CPU.Build.0 = Release|Any CPU
		{02838B5C-6E56-91B2-B443-4724EECF48F8}.Debug|Any CPU.ActiveCfg = Debug|Any CPU
		{02838B5C-6E56-91B2-B443-4724EECF48F8}.Debug|Any CPU.Build.0 = Debug|Any CPU
		{02838B5C-6E56-91B2-B443-4724EECF48F8}.Release|Any CPU.ActiveCfg = Release|Any CPU
		{02838B5C-6E56-91B2-B443-4724EECF48F8}.Release|Any CPU.Build.0 = Release|Any CPU
		{3630E9A1-44ED-3132-DDF4-0BD7AB7B41B1}.Debug|Any CPU.ActiveCfg = Debug|Any CPU
		{3630E9A1-44ED-3132-DDF4-0BD7AB7B41B1}.Debug|Any CPU.Build.0 = Debug|Any CPU
		{3630E9A1-44ED-3132-DDF4-0BD7AB7B41B1}.Release|Any CPU.ActiveCfg = Release|Any CPU
		{3630E9A1-44ED-3132-DDF4-0BD7AB7B41B1}.Release|Any CPU.Build.0 = Release|Any CPU
		{49CE1F92-4D92-CEE6-1335-E9A3DAFB17A6}.Debug|Any CPU.ActiveCfg = Debug|Any CPU
		{49CE1F92-4D92-CEE6-1335-E9A3DAFB17A6}.Debug|Any CPU.Build.0 = Debug|Any CPU
		{49CE1F92-4D92-CEE6-1335-E9A3DAFB17A6}.Release|Any CPU.ActiveCfg = Release|Any CPU
		{49CE1F92-4D92-CEE6-1335-E9A3DAFB17A6}.Release|Any CPU.Build.0 = Release|Any CPU
		{A120A32B-1D98-7755-E735-58E4ABBEDDCF}.Debug|Any CPU.ActiveCfg = Debug|Any CPU
		{A120A32B-1D98-7755-E735-58E4ABBEDDCF}.Debug|Any CPU.Build.0 = Debug|Any CPU
		{A120A32B-1D98-7755-E735-58E4ABBEDDCF}.Release|Any CPU.ActiveCfg = Release|Any CPU
		{A120A32B-1D98-7755-E735-58E4ABBEDDCF}.Release|Any CPU.Build.0 = Release|Any CPU
		{92039F25-C923-57A2-C1D2-26EA8B9F09B7}.Debug|Any CPU.ActiveCfg = Debug|Any CPU
		{92039F25-C923-57A2-C1D2-26EA8B9F09B7}.Debug|Any CPU.Build.0 = Debug|Any CPU
		{92039F25-C923-57A2-C1D2-26EA8B9F09B7}.Release|Any CPU.ActiveCfg = Release|Any CPU
		{92039F25-C923-57A2-C1D2-26EA8B9F09B7}.Release|Any CPU.Build.0 = Release|Any CPU
		{E547C935-E000-9311-E951-DD7985BB9C5C}.Debug|Any CPU.ActiveCfg = Debug|Any CPU
		{E547C935-E000-9311-E951-DD7985BB9C5C}.Debug|Any CPU.Build.0 = Debug|Any CPU
		{E547C935-E000-9311-E951-DD7985BB9C5C}.Release|Any CPU.ActiveCfg = Release|Any CPU
		{E547C935-E000-9311-E951-DD7985BB9C5C}.Release|Any CPU.Build.0 = Release|Any CPU
	EndGlobalSection
	GlobalSection(SolutionProperties) = preSolution
		HideSolutionNode = FALSE
	EndGlobalSection
EndGlobal
