
Microsoft Visual Studio Solution File, Format Version 12.00
# Visual Studio 15
Project("{FAE04EC0-301F-11D3-BF4B-00C04F79EFBC}") = "Assembly-CSharp", "Assembly-CSharp.csproj", "{B7A77E2B-BE27-5B50-4910-8CA727EE7784}"
EndProject
Project("{FAE04EC0-301F-11D3-BF4B-00C04F79EFBC}") = "Assembly-CSharp-firstpass", "Assembly-CSharp-firstpass.csproj", "{49CE1F92-4D92-CEE6-1335-E9A3DAFB17A6}"
EndProject
Global
	GlobalSection(SolutionConfigurationPlatforms) = preSolution
		Debug|Any CPU = Debug|Any CPU
		Release|Any CPU = Release|Any CPU
	EndGlobalSection
	GlobalSection(ProjectConfigurationPlatforms) = postSolution
		{B7A77E2B-BE27-5B50-4910-8CA727EE7784}.Debug|Any CPU.ActiveCfg = Debug|Any CPU
		{B7A77E2B-BE27-5B50-4910-8CA727EE7784}.Debug|Any CPU.Build.0 = Debug|Any CPU
		{B7A77E2B-BE27-5B50-4910-8CA727EE7784}.Release|Any CPU.ActiveCfg = Release|Any CPU
		{B7A77E2B-BE27-5B50-4910-8CA727EE7784}.Release|Any CPU.Build.0 = Release|Any CPU
		{49CE1F92-4D92-CEE6-1335-E9A3DAFB17A6}.Debug|Any CPU.ActiveCfg = Debug|Any CPU
		{49CE1F92-4D92-CEE6-1335-E9A3DAFB17A6}.Debug|Any CPU.Build.0 = Debug|Any CPU
		{49CE1F92-4D92-CEE6-1335-E9A3DAFB17A6}.Release|Any CPU.ActiveCfg = Release|Any CPU
		{49CE1F92-4D92-CEE6-1335-E9A3DAFB17A6}.Release|Any CPU.Build.0 = Release|Any CPU
	EndGlobalSection
	GlobalSection(SolutionProperties) = preSolution
		HideSolutionNode = FALSE
	EndGlobalSection
EndGlobal
